{
  "originHash" : "608b0c11e5567345dc05d84aed6a0d5556c38fb99ed04597bfc9d53205572556",
  "pins" : [
    {
      "identity" : "alamofire",
      "kind" : "remoteSourceControl",
      "location" : "https://github.com/Alamofire/Alamofire.git",
      "state" : {
        "revision" : "7595cbcf59809f9977c5f6378500de2ad73b7ddb",
        "version" : "5.12.0"
      }
    },
    {
      "identity" : "resolver",
      "kind" : "remoteSourceControl",
      "location" : "https://github.com/hmlongco/Resolver.git",
      "state" : {
        "revision" : "47602af1ac8d7952299fbd0bda3cfbd12cf3a8ca",
        "version" : "1.5.1"
      }
    },
    {
      "identity" : "xcodeconfig",
      "kind" : "remoteSourceControl",
      "location" : "https://github.com/AnasAlhasani/XcodeConfig",
      "state" : {
        "revision" : "23275cf963c036de35c20a84614c2473beb11229",
        "version" : "1.0.2"
      }
    }
  ],
  "version" : 3
}
